// !$*UTF8*$!
{
	archiveVersion = 1;
	classes = {
	};
	objectVersion = 50;
	objects = {

/* Begin PBXBuildFile section */
		B5973BB725E4D19D00D96462 /* CustomCameraApp.swift in Sources */ = {isa = PBXBuildFile; fileRef = B5973BA425E4D19C00D96462 /* CustomCameraApp.swift */; };
		B5973BB825E4D19D00D96462 /* CustomCameraApp.swift in Sources */ = {isa = PBXBuildFile; fileRef = B5973BA425E4D19C00D96462 /* CustomCameraApp.swift */; };
		B5973BB925E4D19D00D96462 /* ContentView.swift in Sources */ = {isa = PBXBuildFile; fileRef = B5973BA525E4D19C00D96462 /* ContentView.swift */; };
		B5973BBA25E4D19D00D96462 /* ContentView.swift in Sources */ = {isa = PBXBuildFile; fileRef = B5973BA525E4D19C00D96462 /* ContentView.swift */; };
		B5973BBB25E4D19D00D96462 /* Assets.xcassets in Resources */ = {isa = PBXBuildFile; fileRef = B5973BA625E4D19D00D96462 /* Assets.xcassets */; };
		B5973BBC25E4D19D00D96462 /* Assets.xcassets in Resources */ = {isa = PBXBuildFile; fileRef = B5973BA625E4D19D00D96462 /* Assets.xcassets */; };
		B5973BC825E4D20100D96462 /* CameraView.swift in Sources */ = {isa = PBXBuildFile; fileRef = B5973BC725E4D20100D96462 /* CameraView.swift */; };
		B5973BC925E4D20100D96462 /* CameraView.swift in Sources */ = {isa = PBXBuildFile; fileRef = B5973BC725E4D20100D96462 /* CameraView.swift */; };
/* End PBXBuildFile section */

/* Begin PBXFileReference section */
		B5973BA425E4D19C00D96462 /* CustomCameraApp.swift */ = {isa = PBXFileReference; lastKnownFileType = sourcecode.swift; path = CustomCameraApp.swift; sourceTree = "<group>"; };
		B5973BA525E4D19C00D96462 /* ContentView.swift */ = {isa = PBXFileReference; lastKnownFileType = sourcecode.swift; path = ContentView.swift; sourceTree = "<group>"; };
		B5973BA625E4D19D00D96462 /* Assets.xcassets */ = {isa = PBXFileReference; lastKnownFileType = folder.assetcatalog; path = Assets.xcassets; sourceTree = "<group>"; };
		B5973BAB25E4D19D00D96462 /* CustomCamera.app */ = {isa = PBXFileReference; explicitFileType = wrapper.application; includeInIndex = 0; path = CustomCamera.app; sourceTree = BUILT_PRODUCTS_DIR; };
		B5973BAE25E4D19D00D96462 /* Info.plist */ = {isa = PBXFileReference; lastKnownFileType = text.plist.xml; path = Info.plist; sourceTree = "<group>"; };
		B5973BB325E4D19D00D96462 /* CustomCamera.app */ = {isa = PBXFileReference; explicitFileType = wrapper.application; includeInIndex = 0; path = CustomCamera.app; sourceTree = BUILT_PRODUCTS_DIR; };
		B5973BB525E4D19D00D96462 /* Info.plist */ = {isa = PBXFileReference; lastKnownFileType = text.plist.xml; path = Info.plist; sourceTree = "<group>"; };
		B5973BB625E4D19D00D96462 /* macOS.entitlements */ = {isa = PBXFileReference; lastKnownFileType = text.plist.entitlements; path = macOS.entitlements; sourceTree = "<group>"; };
		B5973BC725E4D20100D96462 /* CameraView.swift */ = {isa = PBXFileReference; lastKnownFileType = sourcecode.swift; path = CameraView.swift; sourceTree = "<group>"; };
/* End PBXFileReference section */

/* Begin PBXFrameworksBuildPhase section */
		B5973BA825E4D19D00D96462 /* Frameworks */ = {
			isa = PBXFrameworksBuildPhase;
			buildActionMask = 2147483647;
			files = (
			);
			runOnlyForDeploymentPostprocessing = 0;
		};
		B5973BB025E4D19D00D96462 /* Frameworks */ = {
			isa = PBXFrameworksBuildPhase;
			buildActionMask = 2147483647;
			files = (
			);
			runOnlyForDeploymentPostprocessing = 0;
		};
/* End PBXFrameworksBuildPhase section */

/* Begin PBXGroup section */
		B5973B9E25E4D19C00D96462 = {
			isa = PBXGroup;
			children = (
				B5973BA325E4D19C00D96462 /* Shared */,
				B5973BAD25E4D19D00D96462 /* iOS */,
				B5973BB425E4D19D00D96462 /* macOS */,
				B5973BAC25E4D19D00D96462 /* Products */,
			);
			sourceTree = "<group>";
		};
		B5973BA325E4D19C00D96462 /* Shared */ = {
			isa = PBXGroup;
			children = (
				B5973BA425E4D19C00D96462 /* CustomCameraApp.swift */,
				B5973BA525E4D19C00D96462 /* ContentView.swift */,
				B5973BC725E4D20100D96462 /* CameraView.swift */,
				B5973BA625E4D19D00D96462 /* Assets.xcassets */,
			);
			path = Shared;
			sourceTree = "<group>";
		};
		B5973BAC25E4D19D00D96462 /* Products */ = {
			isa = PBXGroup;
			children = (
				B5973BAB25E4D19D00D96462 /* CustomCamera.app */,
				B5973BB325E4D19D00D96462 /* CustomCamera.app */,
			);
			name = Products;
			sourceTree = "<group>";
		};
		B5973BAD25E4D19D00D96462 /* iOS */ = {
			isa = PBXGroup;
			children = (
				B5973BAE25E4D19D00D96462 /* Info.plist */,
			);
			path = iOS;
			sourceTree = "<group>";
		};
		B5973BB425E4D19D00D96462 /* macOS */ = {
			isa = PBXGroup;
			children = (
				B5973BB525E4D19D00D96462 /* Info.plist */,
				B5973BB625E4D19D00D96462 /* macOS.entitlements */,
			);
			path = macOS;
			sourceTree = "<group>";
		};
/* End PBXGroup section */

/* Begin PBXNativeTarget section */
		B5973BAA25E4D19D00D96462 /* CustomCamera (iOS) */ = {
			isa = PBXNativeTarget;
			buildConfigurationList = B5973BBF25E4D19D00D96462 /* Build configuration list for PBXNativeTarget "CustomCamera (iOS)" */;
			buildPhases = (
				B5973BA725E4D19D00D96462 /* Sources */,
				B5973BA825E4D19D00D96462 /* Frameworks */,
				B5973BA925E4D19D00D96462 /* Resources */,
			);
			buildRules = (
			);
			dependencies = (
			);
			name = "CustomCamera (iOS)";
			productName = "CustomCamera (iOS)";
			productReference = B5973BAB25E4D19D00D96462 /* CustomCamera.app */;
			productType = "com.apple.product-type.application";
		};
		B5973BB225E4D19D00D96462 /* CustomCamera (macOS) */ = {
			isa = PBXNativeTarget;
			buildConfigurationList = B5973BC225E4D19D00D96462 /* Build configuration list for PBXNativeTarget "CustomCamera (macOS)" */;
			buildPhases = (
				B5973BAF25E4D19D00D96462 /* Sources */,
				B5973BB025E4D19D00D96462 /* Frameworks */,
				B5973BB125E4D19D00D96462 /* Resources */,
			);
			buildRules = (
			);
			dependencies = (
			);
			name = "CustomCamera (macOS)";
			productName = "CustomCamera (macOS)";
			productReference = B5973BB325E4D19D00D96462 /* CustomCamera.app */;
			productType = "com.apple.product-type.application";
		};
/* End PBXNativeTarget section */

/* Begin PBXProject section */
		B5973B9F25E4D19C00D96462 /* Project object */ = {
			isa = PBXProject;
			attributes = {
				LastSwiftUpdateCheck = 1230;
				LastUpgradeCheck = 1230;
				TargetAttributes = {
					B5973BAA25E4D19D00D96462 = {
						CreatedOnToolsVersion = 12.3;
					};
					B5973BB225E4D19D00D96462 = {
						CreatedOnToolsVersion = 12.3;
					};
				};
			};
			buildConfigurationList = B5973BA225E4D19C00D96462 /* Build configuration list for PBXProject "CustomCamera" */;
			compatibilityVersion = "Xcode 9.3";
			developmentRegion = en;
			hasScannedForEncodings = 0;
			knownRegions = (
				en,
				Base,
			);
			mainGroup = B5973B9E25E4D19C00D96462;
			productRefGroup = B5973BAC25E4D19D00D96462 /* Products */;
			projectDirPath = "";
			projectRoot = "";
			targets = (
				B5973BAA25E4D19D00D96462 /* CustomCamera (iOS) */,
				B5973BB225E4D19D00D96462 /* CustomCamera (macOS) */,
			);
		};
/* End PBXProject section */

/* Begin PBXResourcesBuildPhase section */
		B5973BA925E4D19D00D96462 /* Resources */ = {
			isa = PBXResourcesBuildPhase;
			buildActionMask = 2147483647;
			files = (
				B5973BBB25E4D19D00D96462 /* Assets.xcassets in Resources */,
			);
			runOnlyForDeploymentPostprocessing = 0;
		};
		B5973BB125E4D19D00D96462 /* Resources */ = {
			isa = PBXResourcesBuildPhase;
			buildActionMask = 2147483647;
			files = (
				B5973BBC25E4D19D00D96462 /* Assets.xcassets in Resources */,
			);
			runOnlyForDeploymentPostprocessing = 0;
		};
/* End PBXResourcesBuildPhase section */

/* Begin PBXSourcesBuildPhase section */
		B5973BA725E4D19D00D96462 /* Sources */ = {
			isa = PBXSourcesBuildPhase;
			buildActionMask = 2147483647;
			files = (
				B5973BC825E4D20100D96462 /* CameraView.swift in Sources */,
				B5973BB925E4D19D00D96462 /* ContentView.swift in Sources */,
				B5973BB725E4D19D00D96462 /* CustomCameraApp.swift in Sources */,
			);
			runOnlyForDeploymentPostprocessing = 0;
		};
		B5973BAF25E4D19D00D96462 /* Sources */ = {
			isa = PBXSourcesBuildPhase;
			buildActionMask = 2147483647;
			files = (
				B5973BC925E4D20100D96462 /* CameraView.swift in Sources */,
				B5973BBA25E4D19D00D96462 /* ContentView.swift in Sources */,
				B5973BB825E4D19D00D96462 /* CustomCameraApp.swift in Sources */,
			);
			runOnlyForDeploymentPostprocessing = 0;
		};
/* End PBXSourcesBuildPhase section */

/* Begin XCBuildConfiguration section */
		B5973BBD25E4D19D00D96462 /* Debug */ = {
			isa = XCBuildConfiguration;
			buildSettings = {
				ALWAYS_SEARCH_USER_PATHS = NO;
				CLANG_ANALYZER_NONNULL = YES;
				CLANG_ANALYZER_NUMBER_OBJECT_CONVERSION = YES_AGGRESSIVE;
				CLANG_CXX_LANGUAGE_STANDARD = "gnu++14";
				CLANG_CXX_LIBRARY = "libc++";
				CLANG_ENABLE_MODULES = YES;
				CLANG_ENABLE_OBJC_ARC = YES;
				CLANG_ENABLE_OBJC_WEAK = YES;
				CLANG_WARN_BLOCK_CAPTURE_AUTORELEASING = YES;
				CLANG_WARN_BOOL_CONVERSION = YES;
				CLANG_WARN_COMMA = YES;
				CLANG_WARN_CONSTANT_CONVERSION = YES;
				CLANG_WARN_DEPRECATED_OBJC_IMPLEMENTATIONS = YES;
				CLANG_WARN_DIRECT_OBJC_ISA_USAGE = YES_ERROR;
				CLANG_WARN_DOCUMENTATION_COMMENTS = YES;
				CLANG_WARN_EMPTY_BODY = YES;
				CLANG_WARN_ENUM_CONVERSION = YES;
				CLANG_WARN_INFINITE_RECURSION = YES;
				CLANG_WARN_INT_CONVERSION = YES;
				CLANG_WARN_NON_LITERAL_NULL_CONVERSION = YES;
				CLANG_WARN_OBJC_IMPLICIT_RETAIN_SELF = YES;
				CLANG_WARN_OBJC_LITERAL_CONVERSION = YES;
				CLANG_WARN_OBJC_ROOT_CLASS = YES_ERROR;
				CLANG_WARN_QUOTED_INCLUDE_IN_FRAMEWORK_HEADER = YES;
				CLANG_WARN_RANGE_LOOP_ANALYSIS = YES;
				CLANG_WARN_STRICT_PROTOTYPES = YES;
				CLANG_WARN_SUSPICIOUS_MOVE = YES;
				CLANG_WARN_UNGUARDED_AVAILABILITY = YES_AGGRESSIVE;
				CLANG_WARN_UNREACHABLE_CODE = YES;
				CLANG_WARN__DUPLICATE_METHOD_MATCH = YES;
				COPY_PHASE_STRIP = NO;
				DEBUG_INFORMATION_FORMAT = dwarf;
				ENABLE_STRICT_OBJC_MSGSEND = YES;
				ENABLE_TESTABILITY = YES;
				GCC_C_LANGUAGE_STANDARD = gnu11;
				GCC_DYNAMIC_NO_PIC = NO;
				GCC_NO_COMMON_BLOCKS = YES;
				GCC_OPTIMIZATION_LEVEL = 0;
				GCC_PREPROCESSOR_DEFINITIONS = (
					"DEBUG=1",
					"$(inherited)",
				);
				GCC_WARN_64_TO_32_BIT_CONVERSION = YES;
				GCC_WARN_ABOUT_RETURN_TYPE = YES_ERROR;
				GCC_WARN_UNDECLARED_SELECTOR = YES;
				GCC_WARN_UNINITIALIZED_AUTOS = YES_AGGRESSIVE;
				GCC_WARN_UNUSED_FUNCTION = YES;
				GCC_WARN_UNUSED_VARIABLE = YES;
				MTL_ENABLE_DEBUG_INFO = INCLUDE_SOURCE;
				MTL_FAST_MATH = YES;
				ONLY_ACTIVE_ARCH = YES;
				SWIFT_ACTIVE_COMPILATION_CONDITIONS = DEBUG;
				SWIFT_OPTIMIZATION_LEVEL = "-Onone";
			};
			name = Debug;
		};
		B5973BBE25E4D19D00D96462 /* Release */ = {
			isa = XCBuildConfiguration;
			buildSettings = {
				ALWAYS_SEARCH_USER_PATHS = NO;
				CLANG_ANALYZER_NONNULL = YES;
				CLANG_ANALYZER_NUMBER_OBJECT_CONVERSION = YES_AGGRESSIVE;
				CLANG_CXX_LANGUAGE_STANDARD = "gnu++14";
				CLANG_CXX_LIBRARY = "libc++";
				CLANG_ENABLE_MODULES = YES;
				CLANG_ENABLE_OBJC_ARC = YES;
				CLANG_ENABLE_OBJC_WEAK = YES;
				CLANG_WARN_BLOCK_CAPTURE_AUTORELEASING = YES;
				CLANG_WARN_BOOL_CONVERSION = YES;
				CLANG_WARN_COMMA = YES;
				CLANG_WARN_CONSTANT_CONVERSION = YES;
				CLANG_WARN_DEPRECATED_OBJC_IMPLEMENTATIONS = YES;
				CLANG_WARN_DIRECT_OBJC_ISA_USAGE = YES_ERROR;
				CLANG_WARN_DOCUMENTATION_COMMENTS = YES;
				CLANG_WARN_EMPTY_BODY = YES;
				CLANG_WARN_ENUM_CONVERSION = YES;
				CLANG_WARN_INFINITE_RECURSION = YES;
				CLANG_WARN_INT_CONVERSION = YES;
				CLANG_WARN_NON_LITERAL_NULL_CONVERSION = YES;
				CLANG_WARN_OBJC_IMPLICIT_RETAIN_SELF = YES;
				CLANG_WARN_OBJC_LITERAL_CONVERSION = YES;
				CLANG_WARN_OBJC_ROOT_CLASS = YES_ERROR;
				CLANG_WARN_QUOTED_INCLUDE_IN_FRAMEWORK_HEADER = YES;
				CLANG_WARN_RANGE_LOOP_ANALYSIS = YES;
				CLANG_WARN_STRICT_PROTOTYPES = YES;
				CLANG_WARN_SUSPICIOUS_MOVE = YES;
				CLANG_WARN_UNGUARDED_AVAILABILITY = YES_AGGRESSIVE;
				CLANG_WARN_UNREACHABLE_CODE = YES;
				CLANG_WARN__DUPLICATE_METHOD_MATCH = YES;
				COPY_PHASE_STRIP = NO;
				DEBUG_INFORMATION_FORMAT = "dwarf-with-dsym";
				ENABLE_NS_ASSERTIONS = NO;
				ENABLE_STRICT_OBJC_MSGSEND = YES;
				GCC_C_LANGUAGE_STANDARD = gnu11;
				GCC_NO_COMMON_BLOCKS = YES;
				GCC_WARN_64_TO_32_BIT_CONVERSION = YES;
				GCC_WARN_ABOUT_RETURN_TYPE = YES_ERROR;
				GCC_WARN_UNDECLARED_SELECTOR = YES;
				GCC_WARN_UNINITIALIZED_AUTOS = YES_AGGRESSIVE;
				GCC_WARN_UNUSED_FUNCTION = YES;
				GCC_WARN_UNUSED_VARIABLE = YES;
				MTL_ENABLE_DEBUG_INFO = NO;
				MTL_FAST_MATH = YES;
				SWIFT_COMPILATION_MODE = wholemodule;
				SWIFT_OPTIMIZATION_LEVEL = "-O";
			};
			name = Release;
		};
		B5973BC025E4D19D00D96462 /* Debug */ = {
			isa = XCBuildConfiguration;
			buildSettings = {
				ASSETCATALOG_COMPILER_APPICON_NAME = AppIcon;
				ASSETCATALOG_COMPILER_GLOBAL_ACCENT_COLOR_NAME = AccentColor;
				CODE_SIGN_STYLE = Automatic;
				DEVELOPMENT_TEAM = T7FLS62A63;
				ENABLE_PREVIEWS = YES;
				INFOPLIST_FILE = iOS/Info.plist;
				IPHONEOS_DEPLOYMENT_TARGET = 14.0;
				LD_RUNPATH_SEARCH_PATHS = (
					"$(inherited)",
					"@executable_path/Frameworks",
				);
				PRODUCT_BUNDLE_IDENTIFIER = ben.CustomCamera;
				PRODUCT_NAME = CustomCamera;
				SDKROOT = iphoneos;
				SWIFT_VERSION = 5.0;
				TARGETED_DEVICE_FAMILY = "1,2";
			};
			name = Debug;
		};
		B5973BC125E4D19D00D96462 /* Release */ = {
			isa = XCBuildConfiguration;
			buildSettings = {
				ASSETCATALOG_COMPILER_APPICON_NAME = AppIcon;
				ASSETCATALOG_COMPILER_GLOBAL_ACCENT_COLOR_NAME = AccentColor;
				CODE_SIGN_STYLE = Automatic;
				DEVELOPMENT_TEAM = T7FLS62A63;
				ENABLE_PREVIEWS = YES;
				INFOPLIST_FILE = iOS/Info.plist;
				IPHONEOS_DEPLOYMENT_TARGET = 14.0;
				LD_RUNPATH_SEARCH_PATHS = (
					"$(inherited)",
					"@executable_path/Frameworks",
				);
				PRODUCT_BUNDLE_IDENTIFIER = ben.CustomCamera;
				PRODUCT_NAME = CustomCamera;
				SDKROOT = iphoneos;
				SWIFT_VERSION = 5.0;
				TARGETED_DEVICE_FAMILY = "1,2";
				VALIDATE_PRODUCT = YES;
			};
			name = Release;
		};
		B5973BC325E4D19D00D96462 /* Debug */ = {
			isa = XCBuildConfiguration;
			buildSettings = {
				ASSETCATALOG_COMPILER_APPICON_NAME = AppIcon;
				ASSETCATALOG_COMPILER_GLOBAL_ACCENT_COLOR_NAME = AccentColor;
				CODE_SIGN_ENTITLEMENTS = macOS/macOS.entitlements;
				CODE_SIGN_STYLE = Automatic;
				COMBINE_HIDPI_IMAGES = YES;
				DEVELOPMENT_TEAM = T7FLS62A63;
				ENABLE_HARDENED_RUNTIME = YES;
				ENABLE_PREVIEWS = YES;
				INFOPLIST_FILE = macOS/Info.plist;
				LD_RUNPATH_SEARCH_PATHS = (
					"$(inherited)",
					"@executable_path/../Frameworks",
				);
				MACOSX_DEPLOYMENT_TARGET = 11.0;
				PRODUCT_BUNDLE_IDENTIFIER = ben.CustomCamera;
				PRODUCT_NAME = CustomCamera;
				SDKROOT = macosx;
				SWIFT_VERSION = 5.0;
			};
			name = Debug;
		};
		B5973BC425E4D19D00D96462 /* Release */ = {
			isa = XCBuildConfiguration;
			buildSettings = {
				ASSETCATALOG_COMPILER_APPICON_NAME = AppIcon;
				ASSETCATALOG_COMPILER_GLOBAL_ACCENT_COLOR_NAME = AccentColor;
				CODE_SIGN_ENTITLEMENTS = macOS/macOS.entitlements;
				CODE_SIGN_STYLE = Automatic;
				COMBINE_HIDPI_IMAGES = YES;
				DEVELOPMENT_TEAM = T7FLS62A63;
				ENABLE_HARDENED_RUNTIME = YES;
				ENABLE_PREVIEWS = YES;
				INFOPLIST_FILE = macOS/Info.plist;
				LD_RUNPATH_SEARCH_PATHS = (
					"$(inherited)",
					"@executable_path/../Frameworks",
				);
				MACOSX_DEPLOYMENT_TARGET = 11.0;
				PRODUCT_BUNDLE_IDENTIFIER = ben.CustomCamera;
				PRODUCT_NAME = CustomCamera;
				SDKROOT = macosx;
				SWIFT_VERSION = 5.0;
			};
			name = Release;
		};
/* End XCBuildConfiguration section */

/* Begin XCConfigurationList section */
		B5973BA225E4D19C00D96462 /* Build configuration list for PBXProject "CustomCamera" */ = {
			isa = XCConfigurationList;
			buildConfigurations = (
				B5973BBD25E4D19D00D96462 /* Debug */,
				B5973BBE25E4D19D00D96462 /* Release */,
			);
			defaultConfigurationIsVisible = 0;
			defaultConfigurationName = Release;
		};
		B5973BBF25E4D19D00D96462 /* Build configuration list for PBXNativeTarget "CustomCamera (iOS)" */ = {
			isa = XCConfigurationList;
			buildConfigurations = (
				B5973BC025E4D19D00D96462 /* Debug */,
				B5973BC125E4D19D00D96462 /* Release */,
			);
			defaultConfigurationIsVisible = 0;
			defaultConfigurationName = Release;
		};
		B5973BC225E4D19D00D96462 /* Build configuration list for PBXNativeTarget "CustomCamera (macOS)" */ = {
			isa = XCConfigurationList;
			buildConfigurations = (
				B5973BC325E4D19D00D96462 /* Debug */,
				B5973BC425E4D19D00D96462 /* Release */,
			);
			defaultConfigurationIsVisible = 0;
			defaultConfigurationName = Release;
		};
/* End XCConfigurationList section */
	};
	rootObject = B5973B9F25E4D19C00D96462 /* Project object */;
}
